version = 1
revision = 3
requires-python = ">=3.14"

[options]
exclude-newer = "2026-09-19T00:00:00Z"

[[package]]
name = "mpremote"
version = "1.29.0"
source = { registry = "https://pypi.org/simple" }
dependencies = [
    { name = "platformdirs" },
    { name = "pyserial" },
]
sdist = { url = "https://files.pythonhosted.org/packages/ac/b7/8c44eb606b0e53517fd6ddda3f598b3bdb180c181f4e0bcbb9b7743f4cb5/mpremote-1.29.0.tar.gz", hash = "sha256:ab0b6f21059698e573ca076fe9a0299e5fe7bbc3ca3f5b2f00007e22e51c7b80", size = 33808, upload-time = "2026-08-24T13:54:53.108Z" }
wheels = [
    { url = "https://files.pythonhosted.org/packages/51/85/f68fbcfe4d1ce32a7f2154a48f68195d4f256e3700b69ad0d5b758ee3b37/mpremote-1.29.0-py3-none-any.whl", hash = "sha256:dedac688bcd65b9d4d5b7a66119332f2830000088321107994959333f53e41c8", size = 38653, upload-time = "2026-08-24T13:54:51.674Z" },
]

[[package]]
name = "platformdirs"
version = "4.11.10"
source = { registry = "https://pypi.org/simple" }
sdist = { url = "https://files.pythonhosted.org/packages/89/24/92d90bebedf197eb15b144367ce6fd4ad2de571927cd09dde190a36db8fc/platformdirs-4.11.10.tar.gz", hash = "sha256:9cd351c078ccf7dda1fdc5f8ccb9d8f5258984c63990e6df3627dde0b70b51d0", size = 39389, upload-time = "2026-09-18T01:45:15.107Z" }
wheels = [
    { url = "https://files.pythonhosted.org/packages/67/45/cae23ec98a49825d58de75c38cdb714605adeb6e6ab72a7ad2b28322892c/platformdirs-4.11.10-py3-none-any.whl", hash = "sha256:973c4c082b964958c71588448488d2b14fb253893dfbdb82325a14c84e540e8f", size = 24763, upload-time = "2026-09-18T01:45:13.878Z" },
]

[[package]]
name = "pyserial"
version = "3.5"
source = { registry = "https://pypi.org/simple" }
sdist = { url = "https://files.pythonhosted.org/packages/1e/7d/ae3f0a63f41e4d2f6cb66a5b57197850f919f59e558159a4dd3a818f5082/pyserial-3.5.tar.gz", hash = "sha256:3c77e014170dfffbd816e6ffc205e9842efb10be9f58ec16d3e8675b4925cddb", size = 159125, upload-time = "2020-11-23T03:59:15.045Z" }
wheels = [
    { url = "https://files.pythonhosted.org/packages/07/bc/587a445451b253b285629263eb51c2d8e9bcea4fc97826266d186f96f558/pyserial-3.5-py2.py3-none-any.whl", hash = "sha256:c4451db6ba391ca6ca299fb3ec7bae67a5c55dde170964c7a14ceefec02f2cf0", size = 90585, upload-time = "2020-11-23T03:59:13.41Z" },
]

[[package]]
name = "rpi-pico-w-monitor-pull"
version = "0.2.0"
source = { virtual = "." }
dependencies = [
    { name = "mpremote" },
    { name = "pyserial" },
]

[package.metadata]
requires-dist = [
    { name = "mpremote" },
    { name = "pyserial" },
]
